
Microsoft Visual Studio Solution File, Format Version 12.00
# Visual Studio Version 17
VisualStudioVersion = 17.1.32228.430
MinimumVisualStudioVersion = 10.0.40219.1
Project("{FAE04EC0-301F-11D3-BF4B-00C04F79EFBC}") = "HomeworkTabControlLogin", "HomeworkTabControlLogin\HomeworkTabControlLogin.csproj", "{D6ACEDA3-038F-4AC3-8DA8-42BD1C7C2FF1}"
EndProject
Global
	GlobalSection(SolutionConfigurationPlatforms) = preSolution
		Debug|Any CPU = Debug|Any CPU
		Release|Any CPU = Release|Any CPU
	EndGlobalSection
	GlobalSection(ProjectConfigurationPlatforms) = postSolution
		{D6ACEDA3-038F-4AC3-8DA8-42BD1C7C2FF1}.Debug|Any CPU.ActiveCfg = Debug|Any CPU
		{D6ACEDA3-038F-4AC3-8DA8-42BD1C7C2FF1}.Debug|Any CPU.Build.0 = Debug|Any CPU
		{D6ACEDA3-038F-4AC3-8DA8-42BD1C7C2FF1}.Release|Any CPU.ActiveCfg = Release|Any CPU
		{D6ACEDA3-038F-4AC3-8DA8-42BD1C7C2FF1}.Release|Any CPU.Build.0 = Release|Any CPU
	EndGlobalSection
	GlobalSection(SolutionProperties) = preSolution
		HideSolutionNode = FALSE
	EndGlobalSection
	GlobalSection(ExtensibilityGlobals) = postSolution
		SolutionGuid = {7A075BDB-7C16-46E8-BF29-8CBCB62F70BB}
	EndGlobalSection
EndGlobal
